Microsoft Visual Studio Solution File, Format Version 12.00
# Visual Studio Version 17
VisualStudioVersion = 17.5.2.0
MinimumVisualStudioVersion = 10.0.40219.1
Project("{FAE04EC0-301F-11D3-BF4B-00C04F79EFBC}") = "Latihan_dotnet", "Latihan_dotnet.csproj", "{96F7FF9F-2560-6C38-84A8-11B37B999349}"
EndProject
Global
	GlobalSection(SolutionConfigurationPlatforms) = preSolution
		Debug|Any CPU = Debug|Any CPU
		Release|Any CPU = Release|Any CPU
	EndGlobalSection
	GlobalSection(ProjectConfigurationPlatforms) = postSolution
		{96F7FF9F-2560-6C38-84A8-11B37B999349}.Debug|Any CPU.ActiveCfg = Debug|Any CPU
		{96F7FF9F-2560-6C38-84A8-11B37B999349}.Debug|Any CPU.Build.0 = Debug|Any CPU
		{96F7FF9F-2560-6C38-84A8-11B37B999349}.Release|Any CPU.ActiveCfg = Release|Any CPU
		{96F7FF9F-2560-6C38-84A8-11B37B999349}.Release|Any CPU.Build.0 = Release|Any CPU
	EndGlobalSection
	GlobalSection(SolutionProperties) = preSolution
		HideSolutionNode = FALSE
	EndGlobalSection
	GlobalSection(ExtensibilityGlobals) = postSolution
		SolutionGuid = {A7B26543-0798-4EF3-854E-27831B088DC5}
	EndGlobalSection
EndGlobal
